
Microsoft Visual Studio Solution File, Format Version 12.00
# Visual Studio Version 17
VisualStudioVersion = 17.7.34024.191
MinimumVisualStudioVersion = 10.0.40219.1
Project("{FAE04EC0-301F-11D3-BF4B-00C04F79EFBC}") = "XISD_Gin_shopping", "XISD_Gin_shopping\XISD_Gin_shopping.csproj", "{5EEECA1B-D860-4001-A840-B3453B93D753}"
EndProject
Global
	GlobalSection(SolutionConfigurationPlatforms) = preSolution
		Debug|Any CPU = Debug|Any CPU
		Release|Any CPU = Release|Any CPU
	EndGlobalSection
	GlobalSection(ProjectConfigurationPlatforms) = postSolution
		{5EEECA1B-D860-4001-A840-B3453B93D753}.Debug|Any CPU.ActiveCfg = Debug|Any CPU
		{5EEECA1B-D860-4001-A840-B3453B93D753}.Debug|Any CPU.Build.0 = Debug|Any CPU
		{5EEECA1B-D860-4001-A840-B3453B93D753}.Release|Any CPU.ActiveCfg = Release|Any CPU
		{5EEECA1B-D860-4001-A840-B3453B93D753}.Release|Any CPU.Build.0 = Release|Any CPU
	EndGlobalSection
	GlobalSection(SolutionProperties) = preSolution
		HideSolutionNode = FALSE
	EndGlobalSection
	GlobalSection(ExtensibilityGlobals) = postSolution
		SolutionGuid = {BB0A1866-E35C-4A7A-BC5F-C22594368305}
	EndGlobalSection
EndGlobal
